Microsoft Visual Studio Solution File, Format Version 12.00
# Visual Studio Version 17
VisualStudioVersion = 17.5.2.0
MinimumVisualStudioVersion = 10.0.40219.1
Project("{FAE04EC0-301F-11D3-BF4B-00C04F79EFBC}") = "SECOND_Part_C#-Certification", "SECOND_Part_C#-Certification.csproj", "{567C2B03-2FEA-FF70-BC2C-125867EB91B6}"
EndProject
Global
	GlobalSection(SolutionConfigurationPlatforms) = preSolution
		Debug|Any CPU = Debug|Any CPU
		Release|Any CPU = Release|Any CPU
	EndGlobalSection
	GlobalSection(ProjectConfigurationPlatforms) = postSolution
		{567C2B03-2FEA-FF70-BC2C-125867EB91B6}.Debug|Any CPU.ActiveCfg = Debug|Any CPU
		{567C2B03-2FEA-FF70-BC2C-125867EB91B6}.Debug|Any CPU.Build.0 = Debug|Any CPU
		{567C2B03-2FEA-FF70-BC2C-125867EB91B6}.Release|Any CPU.ActiveCfg = Release|Any CPU
		{567C2B03-2FEA-FF70-BC2C-125867EB91B6}.Release|Any CPU.Build.0 = Release|Any CPU
	EndGlobalSection
	GlobalSection(SolutionProperties) = preSolution
		HideSolutionNode = FALSE
	EndGlobalSection
	GlobalSection(ExtensibilityGlobals) = postSolution
		SolutionGuid = {B8437DA1-8136-455A-940D-7375A2157412}
	EndGlobalSection
EndGlobal
